github.com/LarryBattle/nonce-golang v0.0.0-20150303194802-a7d5615a19fd h1:/VQyHPcOLsNqAdsFB0Hj4BP2+bbmFDsrWuRdhWjDCyc=
github.com/LarryBattle/nonce-golang v0.0.0-20150303194802-a7d5615a19fd/go.mod h1:a0aP7lY0k02bCG6iG/SmRkMLKjmKIabtdUp5boeJL2Y=
github.com/google/uuid v1.2.0 h1:qJYtXnJRWmpe7m/3XlyhrsLrEURqHRM2kxzoxXqyUDs=
github.com/google/uuid v1.2.0/go.mod h1:TIyPZe4MgqvfeYDBFedMoGGpEw/LqOeaOT+nhxU+yHo=
